{
  "nodes": {
    "crane": {
      "locked": {
        "lastModified": 1779041105,
        "narHash": "sha256-nnGD2f8OlAZT2i5OfwikJsw+ifWfiA4d6A8BWlgOXV0=",
        "rev": "10e6e3cb966f7cfcc789fe5eee7a85f3188ce08b",
        "revCount": 858,
        "type": "tarball",
        "url": "https://api.flakehub.com/f/pinned/ipetkov/crane/0.23.4/019e3726-d9ea-7820-aece-59009301cab1/source.tar.gz"
      },
      "original": {
        "type": "tarball",
        "url": "https://flakehub.com/f/ipetkov/crane/%2A"
      }
    },
    "fenix": {
      "inputs": {
        "nixpkgs": [
          "nixpkgs"
        ],
        "rust-analyzer-src": "rust-analyzer-src"
      },
      "locked": {
        "lastModified": 1782900513,
        "narHash": "sha256-GHrsl1+ysDFgmDQtQSqWS7TiYD2Q58VlwLvnf1+crJM=",
        "rev": "16810aa8f4ad89ca480b1513774e8b6f485fe368",
        "revCount": 2708,
        "type": "tarball",
        "url": "https://api.flakehub.com/f/pinned/nix-community/fenix/0.1.2708%2Brev-16810aa8f4ad89ca480b1513774e8b6f485fe368/019f1d68-8b55-7783-bed1-d5926f21ae52/source.tar.gz"
      },
      "original": {
        "type": "tarball",
        "url": "https://flakehub.com/f/nix-community/fenix/%2A"
      }
    },
    "nixpkgs": {
      "locked": {
        "lastModified": 1784497964,
        "narHash": "sha256-vlHUuqAcbcH2RKmHbPiuQzbv1pnzzavXnI62RD0bqCU=",
        "rev": "241313f4e8e508cb9b13278c2b0fa25b9ca27163",
        "revCount": 1037713,
        "type": "tarball",
        "url": "https://api.flakehub.com/f/pinned/DeterminateSystems/nixpkgs-weekly/0.1.1037713%2Brev-241313f4e8e508cb9b13278c2b0fa25b9ca27163/019fa760-2880-7491-9ad9-7ba4669f6a84/source.tar.gz"
      },
      "original": {
        "type": "tarball",
        "url": "https://flakehub.com/f/DeterminateSystems/nixpkgs-weekly/%2A"
      }
    },
    "root": {
      "inputs": {
        "crane": "crane",
        "fenix": "fenix",
        "nixpkgs": "nixpkgs"
      }
    },
    "rust-analyzer-src": {
      "flake": false,
      "locked": {
        "lastModified": 1782864348,
        "narHash": "sha256-NVYhLbaefeIUftPlo3kS6qr0xd8eFJRodEiaHrvFKR4=",
        "owner": "rust-lang",
        "repo": "rust-analyzer",
        "rev": "0d381ca097a8e0375a19387874d952c0a230ac4f",
        "type": "github"
      },
      "original": {
        "owner": "rust-lang",
        "ref": "nightly",
        "repo": "rust-analyzer",
        "type": "github"
      }
    }
  },
  "root": "root",
  "version": 7
}
